
Microsoft Visual Studio Solution File, Format Version 12.00
# Visual Studio Version 17
VisualStudioVersion = 17.14.36518.9 d17.14
MinimumVisualStudioVersion = 10.0.40219.1
Project("{FAE04EC0-301F-11D3-BF4B-00C04F79EFBC}") = "IncidentReportApp", "IncidentReportApp.csproj", "{D714D648-A3AF-452E-B7CA-EFD6B7F247EA}"
EndProject
Global
	GlobalSection(SolutionConfigurationPlatforms) = preSolution
		Debug|Any CPU = Debug|Any CPU
		Release|Any CPU = Release|Any CPU
	EndGlobalSection
	GlobalSection(ProjectConfigurationPlatforms) = postSolution
		{D714D648-A3AF-452E-B7CA-EFD6B7F247EA}.Debug|Any CPU.ActiveCfg = Debug|Any CPU
		{D714D648-A3AF-452E-B7CA-EFD6B7F247EA}.Debug|Any CPU.Build.0 = Debug|Any CPU
		{D714D648-A3AF-452E-B7CA-EFD6B7F247EA}.Debug|Any CPU.Deploy.0 = Debug|Any CPU
		{D714D648-A3AF-452E-B7CA-EFD6B7F247EA}.Release|Any CPU.ActiveCfg = Release|Any CPU
		{D714D648-A3AF-452E-B7CA-EFD6B7F247EA}.Release|Any CPU.Build.0 = Release|Any CPU
		{D714D648-A3AF-452E-B7CA-EFD6B7F247EA}.Release|Any CPU.Deploy.0 = Release|Any CPU
	EndGlobalSection
	GlobalSection(SolutionProperties) = preSolution
		HideSolutionNode = FALSE
	EndGlobalSection
	GlobalSection(ExtensibilityGlobals) = postSolution
		SolutionGuid = {0A048E5F-D067-4C49-B602-9289234E1F22}
	EndGlobalSection
EndGlobal
